{
  "name": "standalone-mutex",
  "version": "0.0.9",
  "lockfileVersion": 1,
  "dependencies": {
    "async": {
      "version": "1.2.1",
      "resolved": "https://registry.npmjs.org/async/-/async-1.2.1.tgz",
      "integrity": "sha1-pIFqF81f9RbfosdpikUzabl5DeA=",
      "dev": true
    },
    "simple-mocha": {
      "version": "0.0.9",
      "resolved": "https://registry.npmjs.org/simple-mocha/-/simple-mocha-0.0.9.tgz",
      "integrity": "sha1-XlC6m/OoP9UQ46NOajNagcDnHBY=",
      "dev": true
    }
  }
}
